// !$*UTF8*$!
{
	archiveVersion = 1;
	classes = {
	};
	objectVersion = 56;
	objects = {

/* Begin PBXBuildFile section */
		A4DF57EE2975570A00BEB006 /* AfricaAnimalsApp.swift in Sources */ = {isa = PBXBuildFile; fileRef = A4DF57ED2975570A00BEB006 /* AfricaAnimalsApp.swift */; };
		A4DF57F02975570A00BEB006 /* ContentView.swift in Sources */ = {isa = PBXBuildFile; fileRef = A4DF57EF2975570A00BEB006 /* ContentView.swift */; };
		A4DF57F22975570A00BEB006 /* Assets.xcassets in Resources */ = {isa = PBXBuildFile; fileRef = A4DF57F12975570A00BEB006 /* Assets.xcassets */; };
		A4DF57F52975570A00BEB006 /* Preview Assets.xcassets in Resources */ = {isa = PBXBuildFile; fileRef = A4DF57F42975570A00BEB006 /* Preview Assets.xcassets */; };
		A4DF58062975586300BEB006 /* lioness.mp4 in Resources */ = {isa = PBXBuildFile; fileRef = A4DF57FC2975586100BEB006 /* lioness.mp4 */; };
		A4DF58072975586300BEB006 /* gorilla.mp4 in Resources */ = {isa = PBXBuildFile; fileRef = A4DF57FD2975586100BEB006 /* gorilla.mp4 */; };
		A4DF58082975586300BEB006 /* giraffe.mp4 in Resources */ = {isa = PBXBuildFile; fileRef = A4DF57FE2975586100BEB006 /* giraffe.mp4 */; };
		A4DF58092975586300BEB006 /* elephant.mp4 in Resources */ = {isa = PBXBuildFile; fileRef = A4DF57FF2975586200BEB006 /* elephant.mp4 */; };
		A4DF580A2975586300BEB006 /* hippo.mp4 in Resources */ = {isa = PBXBuildFile; fileRef = A4DF58002975586200BEB006 /* hippo.mp4 */; };
		A4DF580B2975586300BEB006 /* cheetah.mp4 in Resources */ = {isa = PBXBuildFile; fileRef = A4DF58012975586200BEB006 /* cheetah.mp4 */; };
		A4DF580C2975586300BEB006 /* lion.mp4 in Resources */ = {isa = PBXBuildFile; fileRef = A4DF58022975586200BEB006 /* lion.mp4 */; };
		A4DF580D2975586300BEB006 /* rhino.mp4 in Resources */ = {isa = PBXBuildFile; fileRef = A4DF58032975586200BEB006 /* rhino.mp4 */; };
		A4DF580E2975586300BEB006 /* zebra.mp4 in Resources */ = {isa = PBXBuildFile; fileRef = A4DF58042975586300BEB006 /* zebra.mp4 */; };
		A4DF580F2975586300BEB006 /* ostrich.mp4 in Resources */ = {isa = PBXBuildFile; fileRef = A4DF58052975586300BEB006 /* ostrich.mp4 */; };
		A4DF5815297558B200BEB006 /* animals.json in Resources */ = {isa = PBXBuildFile; fileRef = A4DF5811297558B200BEB006 /* animals.json */; };
		A4DF5816297558B200BEB006 /* covers.json in Resources */ = {isa = PBXBuildFile; fileRef = A4DF5812297558B200BEB006 /* covers.json */; };
		A4DF5817297558B200BEB006 /* locations.json in Resources */ = {isa = PBXBuildFile; fileRef = A4DF5813297558B200BEB006 /* locations.json */; };
		A4DF5818297558B200BEB006 /* videos.json in Resources */ = {isa = PBXBuildFile; fileRef = A4DF5814297558B200BEB006 /* videos.json */; };
		A4DF581C29755AD700BEB006 /* VideoListView.swift in Sources */ = {isa = PBXBuildFile; fileRef = A4DF581B29755AD700BEB006 /* VideoListView.swift */; };
		A4DF581E29755AF200BEB006 /* MapView.swift in Sources */ = {isa = PBXBuildFile; fileRef = A4DF581D29755AF200BEB006 /* MapView.swift */; };
		A4DF582029755B0000BEB006 /* GalleryView.swift in Sources */ = {isa = PBXBuildFile; fileRef = A4DF581F29755B0000BEB006 /* GalleryView.swift */; };
		A4DF582229755B0E00BEB006 /* MainView.swift in Sources */ = {isa = PBXBuildFile; fileRef = A4DF582129755B0E00BEB006 /* MainView.swift */; };
		A4DF582529755CD500BEB006 /* CoverImageView.swift in Sources */ = {isa = PBXBuildFile; fileRef = A4DF582429755CD500BEB006 /* CoverImageView.swift */; };
		A4DF582829755F3800BEB006 /* CoverImageModel.swift in Sources */ = {isa = PBXBuildFile; fileRef = A4DF582729755F3800BEB006 /* CoverImageModel.swift */; };
		A4DF582B2975605400BEB006 /* CodableBundleExtension.swift in Sources */ = {isa = PBXBuildFile; fileRef = A4DF582A2975605400BEB006 /* CodableBundleExtension.swift */; };
		A4DF582E297567A700BEB006 /* AnimalListItemView.swift in Sources */ = {isa = PBXBuildFile; fileRef = A4DF582D297567A700BEB006 /* AnimalListItemView.swift */; };
		A4DF58302975691400BEB006 /* AnimalModel.swift in Sources */ = {isa = PBXBuildFile; fileRef = A4DF582F2975691400BEB006 /* AnimalModel.swift */; };
		A4DF58322975792600BEB006 /* AnimalDetailView.swift in Sources */ = {isa = PBXBuildFile; fileRef = A4DF58312975792500BEB006 /* AnimalDetailView.swift */; };
		A4DF58342975817800BEB006 /* HeadingView.swift in Sources */ = {isa = PBXBuildFile; fileRef = A4DF58332975817800BEB006 /* HeadingView.swift */; };
		A4DF5836297582DD00BEB006 /* InsetGalleryView.swift in Sources */ = {isa = PBXBuildFile; fileRef = A4DF5835297582DD00BEB006 /* InsetGalleryView.swift */; };
		A4DF5838297585ED00BEB006 /* InsetFactView.swift in Sources */ = {isa = PBXBuildFile; fileRef = A4DF5837297585ED00BEB006 /* InsetFactView.swift */; };
		A4DF583A297D5F4C00BEB006 /* InsetMapView.swift in Sources */ = {isa = PBXBuildFile; fileRef = A4DF5839297D5F4C00BEB006 /* InsetMapView.swift */; };
		A4DF583C297D630D00BEB006 /* ExternalWeblinkView.swift in Sources */ = {isa = PBXBuildFile; fileRef = A4DF583B297D630D00BEB006 /* ExternalWeblinkView.swift */; };
/* End PBXBuildFile section */

/* Begin PBXFileReference section */
		A4DF57EA2975570A00BEB006 /* AfricaAnimals.app */ = {isa = PBXFileReference; explicitFileType = wrapper.application; includeInIndex = 0; path = AfricaAnimals.app; sourceTree = BUILT_PRODUCTS_DIR; };
		A4DF57ED2975570A00BEB006 /* AfricaAnimalsApp.swift */ = {isa = PBXFileReference; lastKnownFileType = sourcecode.swift; path = AfricaAnimalsApp.swift; sourceTree = "<group>"; };
		A4DF57EF2975570A00BEB006 /* ContentView.swift */ = {isa = PBXFileReference; lastKnownFileType = sourcecode.swift; path = ContentView.swift; sourceTree = "<group>"; };
		A4DF57F12975570A00BEB006 /* Assets.xcassets */ = {isa = PBXFileReference; lastKnownFileType = folder.assetcatalog; path = Assets.xcassets; sourceTree = "<group>"; };
		A4DF57F42975570A00BEB006 /* Preview Assets.xcassets */ = {isa = PBXFileReference; lastKnownFileType = folder.assetcatalog; path = "Preview Assets.xcassets"; sourceTree = "<group>"; };
		A4DF57FC2975586100BEB006 /* lioness.mp4 */ = {isa = PBXFileReference; lastKnownFileType = file; path = lioness.mp4; sourceTree = "<group>"; };
		A4DF57FD2975586100BEB006 /* gorilla.mp4 */ = {isa = PBXFileReference; lastKnownFileType = file; path = gorilla.mp4; sourceTree = "<group>"; };
		A4DF57FE2975586100BEB006 /* giraffe.mp4 */ = {isa = PBXFileReference; lastKnownFileType = file; path = giraffe.mp4; sourceTree = "<group>"; };
		A4DF57FF2975586200BEB006 /* elephant.mp4 */ = {isa = PBXFileReference; lastKnownFileType = file; path = elephant.mp4; sourceTree = "<group>"; };
		A4DF58002975586200BEB006 /* hippo.mp4 */ = {isa = PBXFileReference; lastKnownFileType = file; path = hippo.mp4; sourceTree = "<group>"; };
		A4DF58012975586200BEB006 /* cheetah.mp4 */ = {isa = PBXFileReference; lastKnownFileType = file; path = cheetah.mp4; sourceTree = "<group>"; };
		A4DF58022975586200BEB006 /* lion.mp4 */ = {isa = PBXFileReference; lastKnownFileType = file; path = lion.mp4; sourceTree = "<group>"; };
		A4DF58032975586200BEB006 /* rhino.mp4 */ = {isa = PBXFileReference; lastKnownFileType = file; path = rhino.mp4; sourceTree = "<group>"; };
		A4DF58042975586300BEB006 /* zebra.mp4 */ = {isa = PBXFileReference; lastKnownFileType = file; path = zebra.mp4; sourceTree = "<group>"; };
		A4DF58052975586300BEB006 /* ostrich.mp4 */ = {isa = PBXFileReference; lastKnownFileType = file; path = ostrich.mp4; sourceTree = "<group>"; };
		A4DF5811297558B200BEB006 /* animals.json */ = {isa = PBXFileReference; fileEncoding = 4; lastKnownFileType = text.json; path = animals.json; sourceTree = "<group>"; };
		A4DF5812297558B200BEB006 /* covers.json */ = {isa = PBXFileReference; fileEncoding = 4; lastKnownFileType = text.json; path = covers.json; sourceTree = "<group>"; };
		A4DF5813297558B200BEB006 /* locations.json */ = {isa = PBXFileReference; fileEncoding = 4; lastKnownFileType = text.json; path = locations.json; sourceTree = "<group>"; };
		A4DF5814297558B200BEB006 /* videos.json */ = {isa = PBXFileReference; fileEncoding = 4; lastKnownFileType = text.json; path = videos.json; sourceTree = "<group>"; };
		A4DF5819297559B600BEB006 /* Info.plist */ = {isa = PBXFileReference; lastKnownFileType = text.plist; path = Info.plist; sourceTree = "<group>"; };
		A4DF581B29755AD700BEB006 /* VideoListView.swift */ = {isa = PBXFileReference; lastKnownFileType = sourcecode.swift; path = VideoListView.swift; sourceTree = "<group>"; };
		A4DF581D29755AF200BEB006 /* MapView.swift */ = {isa = PBXFileReference; lastKnownFileType = sourcecode.swift; path = MapView.swift; sourceTree = "<group>"; };
		A4DF581F29755B0000BEB006 /* GalleryView.swift */ = {isa = PBXFileReference; lastKnownFileType = sourcecode.swift; path = GalleryView.swift; sourceTree = "<group>"; };
		A4DF582129755B0E00BEB006 /* MainView.swift */ = {isa = PBXFileReference; lastKnownFileType = sourcecode.swift; path = MainView.swift; sourceTree = "<group>"; };
		A4DF582429755CD500BEB006 /* CoverImageView.swift */ = {isa = PBXFileReference; lastKnownFileType = sourcecode.swift; path = CoverImageView.swift; sourceTree = "<group>"; };
		A4DF582729755F3800BEB006 /* CoverImageModel.swift */ = {isa = PBXFileReference; lastKnownFileType = sourcecode.swift; path = CoverImageModel.swift; sourceTree = "<group>"; };
		A4DF582A2975605400BEB006 /* CodableBundleExtension.swift */ = {isa = PBXFileReference; lastKnownFileType = sourcecode.swift; path = CodableBundleExtension.swift; sourceTree = "<group>"; };
		A4DF582D297567A700BEB006 /* AnimalListItemView.swift */ = {isa = PBXFileReference; lastKnownFileType = sourcecode.swift; path = AnimalListItemView.swift; sourceTree = "<group>"; };
		A4DF582F2975691400BEB006 /* AnimalModel.swift */ = {isa = PBXFileReference; lastKnownFileType = sourcecode.swift; path = AnimalModel.swift; sourceTree = "<group>"; };
		A4DF58312975792500BEB006 /* AnimalDetailView.swift */ = {isa = PBXFileReference; lastKnownFileType = sourcecode.swift; path = AnimalDetailView.swift; sourceTree = "<group>"; };
		A4DF58332975817800BEB006 /* HeadingView.swift */ = {isa = PBXFileReference; lastKnownFileType = sourcecode.swift; path = HeadingView.swift; sourceTree = "<group>"; };
		A4DF5835297582DD00BEB006 /* InsetGalleryView.swift */ = {isa = PBXFileReference; lastKnownFileType = sourcecode.swift; path = InsetGalleryView.swift; sourceTree = "<group>"; };
		A4DF5837297585ED00BEB006 /* InsetFactView.swift */ = {isa = PBXFileReference; lastKnownFileType = sourcecode.swift; path = InsetFactView.swift; sourceTree = "<group>"; };
		A4DF5839297D5F4C00BEB006 /* InsetMapView.swift */ = {isa = PBXFileReference; lastKnownFileType = sourcecode.swift; path = InsetMapView.swift; sourceTree = "<group>"; };
		A4DF583B297D630D00BEB006 /* ExternalWeblinkView.swift */ = {isa = PBXFileReference; lastKnownFileType = sourcecode.swift; path = ExternalWeblinkView.swift; sourceTree = "<group>"; };
/* End PBXFileReference section */

/* Begin PBXFrameworksBuildPhase section */
		A4DF57E72975570A00BEB006 /* Frameworks */ = {
			isa = PBXFrameworksBuildPhase;
			buildActionMask = 2147483647;
			files = (
			);
			runOnlyForDeploymentPostprocessing = 0;
		};
/* End PBXFrameworksBuildPhase section */

/* Begin PBXGroup section */
		A4DF57E12975570900BEB006 = {
			isa = PBXGroup;
			children = (
				A4DF57EC2975570A00BEB006 /* AfricaAnimals */,
				A4DF57EB2975570A00BEB006 /* Products */,
			);
			sourceTree = "<group>";
		};
		A4DF57EB2975570A00BEB006 /* Products */ = {
			isa = PBXGroup;
			children = (
				A4DF57EA2975570A00BEB006 /* AfricaAnimals.app */,
			);
			name = Products;
			sourceTree = "<group>";
		};
		A4DF57EC2975570A00BEB006 /* AfricaAnimals */ = {
			isa = PBXGroup;
			children = (
				A4DF581A29755A6F00BEB006 /* App */,
				A4DF582329755CB700BEB006 /* View */,
				A4DF582629755F2800BEB006 /* Model */,
				A4DF58292975603400BEB006 /* Extension */,
				A4DF58102975589900BEB006 /* Data */,
				A4DF57FB2975583800BEB006 /* Video */,
				A4DF5819297559B600BEB006 /* Info.plist */,
				A4DF57F12975570A00BEB006 /* Assets.xcassets */,
				A4DF57F32975570A00BEB006 /* Preview Content */,
			);
			path = AfricaAnimals;
			sourceTree = "<group>";
		};
		A4DF57F32975570A00BEB006 /* Preview Content */ = {
			isa = PBXGroup;
			children = (
				A4DF57F42975570A00BEB006 /* Preview Assets.xcassets */,
			);
			path = "Preview Content";
			sourceTree = "<group>";
		};
		A4DF57FB2975583800BEB006 /* Video */ = {
			isa = PBXGroup;
			children = (
				A4DF58012975586200BEB006 /* cheetah.mp4 */,
				A4DF57FF2975586200BEB006 /* elephant.mp4 */,
				A4DF57FE2975586100BEB006 /* giraffe.mp4 */,
				A4DF57FD2975586100BEB006 /* gorilla.mp4 */,
				A4DF58002975586200BEB006 /* hippo.mp4 */,
				A4DF58022975586200BEB006 /* lion.mp4 */,
				A4DF57FC2975586100BEB006 /* lioness.mp4 */,
				A4DF58052975586300BEB006 /* ostrich.mp4 */,
				A4DF58032975586200BEB006 /* rhino.mp4 */,
				A4DF58042975586300BEB006 /* zebra.mp4 */,
			);
			path = Video;
			sourceTree = "<group>";
		};
		A4DF58102975589900BEB006 /* Data */ = {
			isa = PBXGroup;
			children = (
				A4DF5811297558B200BEB006 /* animals.json */,
				A4DF5812297558B200BEB006 /* covers.json */,
				A4DF5813297558B200BEB006 /* locations.json */,
				A4DF5814297558B200BEB006 /* videos.json */,
			);
			path = Data;
			sourceTree = "<group>";
		};
		A4DF581A29755A6F00BEB006 /* App */ = {
			isa = PBXGroup;
			children = (
				A4DF57ED2975570A00BEB006 /* AfricaAnimalsApp.swift */,
				A4DF57EF2975570A00BEB006 /* ContentView.swift */,
				A4DF581B29755AD700BEB006 /* VideoListView.swift */,
				A4DF581D29755AF200BEB006 /* MapView.swift */,
				A4DF581F29755B0000BEB006 /* GalleryView.swift */,
				A4DF582129755B0E00BEB006 /* MainView.swift */,
			);
			path = App;
			sourceTree = "<group>";
		};
		A4DF582329755CB700BEB006 /* View */ = {
			isa = PBXGroup;
			children = (
				A4DF582429755CD500BEB006 /* CoverImageView.swift */,
				A4DF582D297567A700BEB006 /* AnimalListItemView.swift */,
				A4DF58312975792500BEB006 /* AnimalDetailView.swift */,
				A4DF58332975817800BEB006 /* HeadingView.swift */,
				A4DF5835297582DD00BEB006 /* InsetGalleryView.swift */,
				A4DF5837297585ED00BEB006 /* InsetFactView.swift */,
				A4DF5839297D5F4C00BEB006 /* InsetMapView.swift */,
				A4DF583B297D630D00BEB006 /* ExternalWeblinkView.swift */,
			);
			path = View;
			sourceTree = "<group>";
		};
		A4DF582629755F2800BEB006 /* Model */ = {
			isa = PBXGroup;
			children = (
				A4DF582729755F3800BEB006 /* CoverImageModel.swift */,
				A4DF582F2975691400BEB006 /* AnimalModel.swift */,
			);
			path = Model;
			sourceTree = "<group>";
		};
		A4DF58292975603400BEB006 /* Extension */ = {
			isa = PBXGroup;
			children = (
				A4DF582A2975605400BEB006 /* CodableBundleExtension.swift */,
			);
			path = Extension;
			sourceTree = "<group>";
		};
/* End PBXGroup section */

/* Begin PBXNativeTarget section */
		A4DF57E92975570A00BEB006 /* AfricaAnimals */ = {
			isa = PBXNativeTarget;
			buildConfigurationList = A4DF57F82975570A00BEB006 /* Build configuration list for PBXNativeTarget "AfricaAnimals" */;
			buildPhases = (
				A4DF57E62975570A00BEB006 /* Sources */,
				A4DF57E72975570A00BEB006 /* Frameworks */,
				A4DF57E82975570A00BEB006 /* Resources */,
			);
			buildRules = (
			);
			dependencies = (
			);
			name = AfricaAnimals;
			productName = AfricaAnimals;
			productReference = A4DF57EA2975570A00BEB006 /* AfricaAnimals.app */;
			productType = "com.apple.product-type.application";
		};
/* End PBXNativeTarget section */

/* Begin PBXProject section */
		A4DF57E22975570900BEB006 /* Project object */ = {
			isa = PBXProject;
			attributes = {
				BuildIndependentTargetsInParallel = 1;
				LastSwiftUpdateCheck = 1420;
				LastUpgradeCheck = 1420;
				TargetAttributes = {
					A4DF57E92975570A00BEB006 = {
						CreatedOnToolsVersion = 14.2;
					};
				};
			};
			buildConfigurationList = A4DF57E52975570900BEB006 /* Build configuration list for PBXProject "AfricaAnimals" */;
			compatibilityVersion = "Xcode 14.0";
			developmentRegion = en;
			hasScannedForEncodings = 0;
			knownRegions = (
				en,
				Base,
			);
			mainGroup = A4DF57E12975570900BEB006;
			productRefGroup = A4DF57EB2975570A00BEB006 /* Products */;
			projectDirPath = "";
			projectRoot = "";
			targets = (
				A4DF57E92975570A00BEB006 /* AfricaAnimals */,
			);
		};
/* End PBXProject section */

/* Begin PBXResourcesBuildPhase section */
		A4DF57E82975570A00BEB006 /* Resources */ = {
			isa = PBXResourcesBuildPhase;
			buildActionMask = 2147483647;
			files = (
				A4DF58072975586300BEB006 /* gorilla.mp4 in Resources */,
				A4DF57F52975570A00BEB006 /* Preview Assets.xcassets in Resources */,
				A4DF580A2975586300BEB006 /* hippo.mp4 in Resources */,
				A4DF58092975586300BEB006 /* elephant.mp4 in Resources */,
				A4DF580B2975586300BEB006 /* cheetah.mp4 in Resources */,
				A4DF57F22975570A00BEB006 /* Assets.xcassets in Resources */,
				A4DF580F2975586300BEB006 /* ostrich.mp4 in Resources */,
				A4DF5817297558B200BEB006 /* locations.json in Resources */,
				A4DF5816297558B200BEB006 /* covers.json in Resources */,
				A4DF5815297558B200BEB006 /* animals.json in Resources */,
				A4DF580E2975586300BEB006 /* zebra.mp4 in Resources */,
				A4DF58062975586300BEB006 /* lioness.mp4 in Resources */,
				A4DF580C2975586300BEB006 /* lion.mp4 in Resources */,
				A4DF5818297558B200BEB006 /* videos.json in Resources */,
				A4DF580D2975586300BEB006 /* rhino.mp4 in Resources */,
				A4DF58082975586300BEB006 /* giraffe.mp4 in Resources */,
			);
			runOnlyForDeploymentPostprocessing = 0;
		};
/* End PBXResourcesBuildPhase section */

/* Begin PBXSourcesBuildPhase section */
		A4DF57E62975570A00BEB006 /* Sources */ = {
			isa = PBXSourcesBuildPhase;
			buildActionMask = 2147483647;
			files = (
				A4DF583C297D630D00BEB006 /* ExternalWeblinkView.swift in Sources */,
				A4DF57F02975570A00BEB006 /* ContentView.swift in Sources */,
				A4DF582E297567A700BEB006 /* AnimalListItemView.swift in Sources */,
				A4DF582229755B0E00BEB006 /* MainView.swift in Sources */,
				A4DF5838297585ED00BEB006 /* InsetFactView.swift in Sources */,
				A4DF582529755CD500BEB006 /* CoverImageView.swift in Sources */,
				A4DF582829755F3800BEB006 /* CoverImageModel.swift in Sources */,
				A4DF58322975792600BEB006 /* AnimalDetailView.swift in Sources */,
				A4DF58302975691400BEB006 /* AnimalModel.swift in Sources */,
				A4DF581E29755AF200BEB006 /* MapView.swift in Sources */,
				A4DF583A297D5F4C00BEB006 /* InsetMapView.swift in Sources */,
				A4DF57EE2975570A00BEB006 /* AfricaAnimalsApp.swift in Sources */,
				A4DF581C29755AD700BEB006 /* VideoListView.swift in Sources */,
				A4DF582029755B0000BEB006 /* GalleryView.swift in Sources */,
				A4DF5836297582DD00BEB006 /* InsetGalleryView.swift in Sources */,
				A4DF582B2975605400BEB006 /* CodableBundleExtension.swift in Sources */,
				A4DF58342975817800BEB006 /* HeadingView.swift in Sources */,
			);
			runOnlyForDeploymentPostprocessing = 0;
		};
/* End PBXSourcesBuildPhase section */

/* Begin XCBuildConfiguration section */
		A4DF57F62975570A00BEB006 /* Debug */ = {
			isa = XCBuildConfiguration;
			buildSettings = {
				ALWAYS_SEARCH_USER_PATHS = NO;
				CLANG_ANALYZER_NONNULL = YES;
				CLANG_ANALYZER_NUMBER_OBJECT_CONVERSION = YES_AGGRESSIVE;
				CLANG_CXX_LANGUAGE_STANDARD = "gnu++20";
				CLANG_ENABLE_MODULES = YES;
				CLANG_ENABLE_OBJC_ARC = YES;
				CLANG_ENABLE_OBJC_WEAK = YES;
				CLANG_WARN_BLOCK_CAPTURE_AUTORELEASING = YES;
				CLANG_WARN_BOOL_CONVERSION = YES;
				CLANG_WARN_COMMA = YES;
				CLANG_WARN_CONSTANT_CONVERSION = YES;
				CLANG_WARN_DEPRECATED_OBJC_IMPLEMENTATIONS = YES;
				CLANG_WARN_DIRECT_OBJC_ISA_USAGE = YES_ERROR;
				CLANG_WARN_DOCUMENTATION_COMMENTS = YES;
				CLANG_WARN_EMPTY_BODY = YES;
				CLANG_WARN_ENUM_CONVERSION = YES;
				CLANG_WARN_INFINITE_RECURSION = YES;
				CLANG_WARN_INT_CONVERSION = YES;
				CLANG_WARN_NON_LITERAL_NULL_CONVERSION = YES;
				CLANG_WARN_OBJC_IMPLICIT_RETAIN_SELF = YES;
				CLANG_WARN_OBJC_LITERAL_CONVERSION = YES;
				CLANG_WARN_OBJC_ROOT_CLASS = YES_ERROR;
				CLANG_WARN_QUOTED_INCLUDE_IN_FRAMEWORK_HEADER = YES;
				CLANG_WARN_RANGE_LOOP_ANALYSIS = YES;
				CLANG_WARN_STRICT_PROTOTYPES = YES;
				CLANG_WARN_SUSPICIOUS_MOVE = YES;
				CLANG_WARN_UNGUARDED_AVAILABILITY = YES_AGGRESSIVE;
				CLANG_WARN_UNREACHABLE_CODE = YES;
				CLANG_WARN__DUPLICATE_METHOD_MATCH = YES;
				COPY_PHASE_STRIP = NO;
				DEBUG_INFORMATION_FORMAT = dwarf;
				ENABLE_STRICT_OBJC_MSGSEND = YES;
				ENABLE_TESTABILITY = YES;
				GCC_C_LANGUAGE_STANDARD = gnu11;
				GCC_DYNAMIC_NO_PIC = NO;
				GCC_NO_COMMON_BLOCKS = YES;
				GCC_OPTIMIZATION_LEVEL = 0;
				GCC_PREPROCESSOR_DEFINITIONS = (
					"DEBUG=1",
					"$(inherited)",
				);
				GCC_WARN_64_TO_32_BIT_CONVERSION = YES;
				GCC_WARN_ABOUT_RETURN_TYPE = YES_ERROR;
				GCC_WARN_UNDECLARED_SELECTOR = YES;
				GCC_WARN_UNINITIALIZED_AUTOS = YES_AGGRESSIVE;
				GCC_WARN_UNUSED_FUNCTION = YES;
				GCC_WARN_UNUSED_VARIABLE = YES;
				IPHONEOS_DEPLOYMENT_TARGET = 16.2;
				MTL_ENABLE_DEBUG_INFO = INCLUDE_SOURCE;
				MTL_FAST_MATH = YES;
				ONLY_ACTIVE_ARCH = YES;
				SDKROOT = iphoneos;
				SWIFT_ACTIVE_COMPILATION_CONDITIONS = DEBUG;
				SWIFT_OPTIMIZATION_LEVEL = "-Onone";
			};
			name = Debug;
		};
		A4DF57F72975570A00BEB006 /* Release */ = {
			isa = XCBuildConfiguration;
			buildSettings = {
				ALWAYS_SEARCH_USER_PATHS = NO;
				CLANG_ANALYZER_NONNULL = YES;
				CLANG_ANALYZER_NUMBER_OBJECT_CONVERSION = YES_AGGRESSIVE;
				CLANG_CXX_LANGUAGE_STANDARD = "gnu++20";
				CLANG_ENABLE_MODULES = YES;
				CLANG_ENABLE_OBJC_ARC = YES;
				CLANG_ENABLE_OBJC_WEAK = YES;
				CLANG_WARN_BLOCK_CAPTURE_AUTORELEASING = YES;
				CLANG_WARN_BOOL_CONVERSION = YES;
				CLANG_WARN_COMMA = YES;
				CLANG_WARN_CONSTANT_CONVERSION = YES;
				CLANG_WARN_DEPRECATED_OBJC_IMPLEMENTATIONS = YES;
				CLANG_WARN_DIRECT_OBJC_ISA_USAGE = YES_ERROR;
				CLANG_WARN_DOCUMENTATION_COMMENTS = YES;
				CLANG_WARN_EMPTY_BODY = YES;
				CLANG_WARN_ENUM_CONVERSION = YES;
				CLANG_WARN_INFINITE_RECURSION = YES;
				CLANG_WARN_INT_CONVERSION = YES;
				CLANG_WARN_NON_LITERAL_NULL_CONVERSION = YES;
				CLANG_WARN_OBJC_IMPLICIT_RETAIN_SELF = YES;
				CLANG_WARN_OBJC_LITERAL_CONVERSION = YES;
				CLANG_WARN_OBJC_ROOT_CLASS = YES_ERROR;
				CLANG_WARN_QUOTED_INCLUDE_IN_FRAMEWORK_HEADER = YES;
				CLANG_WARN_RANGE_LOOP_ANALYSIS = YES;
				CLANG_WARN_STRICT_PROTOTYPES = YES;
				CLANG_WARN_SUSPICIOUS_MOVE = YES;
				CLANG_WARN_UNGUARDED_AVAILABILITY = YES_AGGRESSIVE;
				CLANG_WARN_UNREACHABLE_CODE = YES;
				CLANG_WARN__DUPLICATE_METHOD_MATCH = YES;
				COPY_PHASE_STRIP = NO;
				DEBUG_INFORMATION_FORMAT = "dwarf-with-dsym";
				ENABLE_NS_ASSERTIONS = NO;
				ENABLE_STRICT_OBJC_MSGSEND = YES;
				GCC_C_LANGUAGE_STANDARD = gnu11;
				GCC_NO_COMMON_BLOCKS = YES;
				GCC_WARN_64_TO_32_BIT_CONVERSION = YES;
				GCC_WARN_ABOUT_RETURN_TYPE = YES_ERROR;
				GCC_WARN_UNDECLARED_SELECTOR = YES;
				GCC_WARN_UNINITIALIZED_AUTOS = YES_AGGRESSIVE;
				GCC_WARN_UNUSED_FUNCTION = YES;
				GCC_WARN_UNUSED_VARIABLE = YES;
				IPHONEOS_DEPLOYMENT_TARGET = 16.2;
				MTL_ENABLE_DEBUG_INFO = NO;
				MTL_FAST_MATH = YES;
				SDKROOT = iphoneos;
				SWIFT_COMPILATION_MODE = wholemodule;
				SWIFT_OPTIMIZATION_LEVEL = "-O";
				VALIDATE_PRODUCT = YES;
			};
			name = Release;
		};
		A4DF57F92975570A00BEB006 /* Debug */ = {
			isa = XCBuildConfiguration;
			buildSettings = {
				ASSETCATALOG_COMPILER_APPICON_NAME = AppIcon;
				ASSETCATALOG_COMPILER_GLOBAL_ACCENT_COLOR_NAME = AccentColor;
				CODE_SIGN_STYLE = Automatic;
				CURRENT_PROJECT_VERSION = 1;
				DEVELOPMENT_ASSET_PATHS = "\"AfricaAnimals/Preview Content\"";
				DEVELOPMENT_TEAM = W9N5S557F2;
				ENABLE_PREVIEWS = YES;
				GENERATE_INFOPLIST_FILE = YES;
				INFOPLIST_FILE = AfricaAnimals/Info.plist;
				INFOPLIST_KEY_UIApplicationSceneManifest_Generation = YES;
				INFOPLIST_KEY_UIApplicationSupportsIndirectInputEvents = YES;
				INFOPLIST_KEY_UISupportedInterfaceOrientations_iPad = "UIInterfaceOrientationPortrait UIInterfaceOrientationPortraitUpsideDown UIInterfaceOrientationLandscapeLeft UIInterfaceOrientationLandscapeRight";
				INFOPLIST_KEY_UISupportedInterfaceOrientations_iPhone = "UIInterfaceOrientationPortrait UIInterfaceOrientationLandscapeLeft UIInterfaceOrientationLandscapeRight";
				INFOPLIST_KEY_UIUserInterfaceStyle = Dark;
				LD_RUNPATH_SEARCH_PATHS = (
					"$(inherited)",
					"@executable_path/Frameworks",
				);
				MARKETING_VERSION = 1.0;
				PRODUCT_BUNDLE_IDENTIFIER = com.xerova.AfricaAnimals;
				PRODUCT_NAME = "$(TARGET_NAME)";
				SWIFT_EMIT_LOC_STRINGS = YES;
				SWIFT_VERSION = 5.0;
				TARGETED_DEVICE_FAMILY = "1,2";
			};
			name = Debug;
		};
		A4DF57FA2975570A00BEB006 /* Release */ = {
			isa = XCBuildConfiguration;
			buildSettings = {
				ASSETCATALOG_COMPILER_APPICON_NAME = AppIcon;
				ASSETCATALOG_COMPILER_GLOBAL_ACCENT_COLOR_NAME = AccentColor;
				CODE_SIGN_STYLE = Automatic;
				CURRENT_PROJECT_VERSION = 1;
				DEVELOPMENT_ASSET_PATHS = "\"AfricaAnimals/Preview Content\"";
				DEVELOPMENT_TEAM = W9N5S557F2;
				ENABLE_PREVIEWS = YES;
				GENERATE_INFOPLIST_FILE = YES;
				INFOPLIST_FILE = AfricaAnimals/Info.plist;
				INFOPLIST_KEY_UIApplicationSceneManifest_Generation = YES;
				INFOPLIST_KEY_UIApplicationSupportsIndirectInputEvents = YES;
				INFOPLIST_KEY_UISupportedInterfaceOrientations_iPad = "UIInterfaceOrientationPortrait UIInterfaceOrientationPortraitUpsideDown UIInterfaceOrientationLandscapeLeft UIInterfaceOrientationLandscapeRight";
				INFOPLIST_KEY_UISupportedInterfaceOrientations_iPhone = "UIInterfaceOrientationPortrait UIInterfaceOrientationLandscapeLeft UIInterfaceOrientationLandscapeRight";
				INFOPLIST_KEY_UIUserInterfaceStyle = Dark;
				LD_RUNPATH_SEARCH_PATHS = (
					"$(inherited)",
					"@executable_path/Frameworks",
				);
				MARKETING_VERSION = 1.0;
				PRODUCT_BUNDLE_IDENTIFIER = com.xerova.AfricaAnimals;
				PRODUCT_NAME = "$(TARGET_NAME)";
				SWIFT_EMIT_LOC_STRINGS = YES;
				SWIFT_VERSION = 5.0;
				TARGETED_DEVICE_FAMILY = "1,2";
			};
			name = Release;
		};
/* End XCBuildConfiguration section */

/* Begin XCConfigurationList section */
		A4DF57E52975570900BEB006 /* Build configuration list for PBXProject "AfricaAnimals" */ = {
			isa = XCConfigurationList;
			buildConfigurations = (
				A4DF57F62975570A00BEB006 /* Debug */,
				A4DF57F72975570A00BEB006 /* Release */,
			);
			defaultConfigurationIsVisible = 0;
			defaultConfigurationName = Release;
		};
		A4DF57F82975570A00BEB006 /* Build configuration list for PBXNativeTarget "AfricaAnimals" */ = {
			isa = XCConfigurationList;
			buildConfigurations = (
				A4DF57F92975570A00BEB006 /* Debug */,
				A4DF57FA2975570A00BEB006 /* Release */,
			);
			defaultConfigurationIsVisible = 0;
			defaultConfigurationName = Release;
		};
/* End XCConfigurationList section */
	};
	rootObject = A4DF57E22975570900BEB006 /* Project object */;
}
